// !$*UTF8*$!
{
	archiveVersion = 1;
	classes = {
	};
	objectVersion = 46;
	objects = {

/* Begin PBXBuildFile section */
		49202D2AEF99A22B71A5B44D /* libPods-PokeDex_VOIQ.a in Frameworks */ = {isa = PBXBuildFile; fileRef = 2E7A064055074768B327485B /* libPods-PokeDex_VOIQ.a */; };
		D90EECDF1D8F9931008F8E61 /* PDV_Type_PokeApi.m in Sources */ = {isa = PBXBuildFile; fileRef = D90EECDE1D8F9931008F8E61 /* PDV_Type_PokeApi.m */; };
		D92072AC1D889778004E3F82 /* pokedex.json in Resources */ = {isa = PBXBuildFile; fileRef = D92072AB1D889778004E3F82 /* pokedex.json */; };
		D92072B01D8899C3004E3F82 /* PDV_Pokemon_Obj.m in Sources */ = {isa = PBXBuildFile; fileRef = D92072AF1D8899C3004E3F82 /* PDV_Pokemon_Obj.m */; };
		D935CE311D879A5300C79EF3 /* main.m in Sources */ = {isa = PBXBuildFile; fileRef = D935CE301D879A5300C79EF3 /* main.m */; };
		D935CE341D879A5300C79EF3 /* AppDelegate.m in Sources */ = {isa = PBXBuildFile; fileRef = D935CE331D879A5300C79EF3 /* AppDelegate.m */; };
		D935CE371D879A5300C79EF3 /* MasterViewController.m in Sources */ = {isa = PBXBuildFile; fileRef = D935CE361D879A5300C79EF3 /* MasterViewController.m */; };
		D935CE3A1D879A5300C79EF3 /* DetailViewController.m in Sources */ = {isa = PBXBuildFile; fileRef = D935CE391D879A5300C79EF3 /* DetailViewController.m */; };
		D935CE3D1D879A5300C79EF3 /* Main.storyboard in Resources */ = {isa = PBXBuildFile; fileRef = D935CE3B1D879A5300C79EF3 /* Main.storyboard */; };
		D935CE3F1D879A5300C79EF3 /* Assets.xcassets in Resources */ = {isa = PBXBuildFile; fileRef = D935CE3E1D879A5300C79EF3 /* Assets.xcassets */; };
		D935CE421D879A5300C79EF3 /* LaunchScreen.storyboard in Resources */ = {isa = PBXBuildFile; fileRef = D935CE401D879A5300C79EF3 /* LaunchScreen.storyboard */; };
		D935CE4D1D879A5300C79EF3 /* PokeDex_VOIQTests.m in Sources */ = {isa = PBXBuildFile; fileRef = D935CE4C1D879A5300C79EF3 /* PokeDex_VOIQTests.m */; };
		D935CE581D879A5300C79EF3 /* PokeDex_VOIQUITests.m in Sources */ = {isa = PBXBuildFile; fileRef = D935CE571D879A5300C79EF3 /* PokeDex_VOIQUITests.m */; };
		D98F352F1D87B82A00A52DE6 /* Icon-App-29x29@1x.png in Resources */ = {isa = PBXBuildFile; fileRef = D98F35221D87B82A00A52DE6 /* Icon-App-29x29@1x.png */; };
		D98F35301D87B82A00A52DE6 /* Icon-App-29x29@2x.png in Resources */ = {isa = PBXBuildFile; fileRef = D98F35231D87B82A00A52DE6 /* Icon-App-29x29@2x.png */; };
		D98F35311D87B82A00A52DE6 /* Icon-App-29x29@3x.png in Resources */ = {isa = PBXBuildFile; fileRef = D98F35241D87B82A00A52DE6 /* Icon-App-29x29@3x.png */; };
		D98F35321D87B82A00A52DE6 /* Icon-App-40x40@1x.png in Resources */ = {isa = PBXBuildFile; fileRef = D98F35251D87B82A00A52DE6 /* Icon-App-40x40@1x.png */; };
		D98F35331D87B82A00A52DE6 /* Icon-App-40x40@2x.png in Resources */ = {isa = PBXBuildFile; fileRef = D98F35261D87B82A00A52DE6 /* Icon-App-40x40@2x.png */; };
		D98F35341D87B82A00A52DE6 /* Icon-App-40x40@3x.png in Resources */ = {isa = PBXBuildFile; fileRef = D98F35271D87B82A00A52DE6 /* Icon-App-40x40@3x.png */; };
		D98F35351D87B82A00A52DE6 /* Icon-App-60x60@1x.png in Resources */ = {isa = PBXBuildFile; fileRef = D98F35281D87B82A00A52DE6 /* Icon-App-60x60@1x.png */; };
		D98F35361D87B82A00A52DE6 /* Icon-App-60x60@2x.png in Resources */ = {isa = PBXBuildFile; fileRef = D98F35291D87B82A00A52DE6 /* Icon-App-60x60@2x.png */; };
		D98F35371D87B82A00A52DE6 /* Icon-App-60x60@3x.png in Resources */ = {isa = PBXBuildFile; fileRef = D98F352A1D87B82A00A52DE6 /* Icon-App-60x60@3x.png */; };
		D98F35381D87B82A00A52DE6 /* Icon-App-76x76@1x.png in Resources */ = {isa = PBXBuildFile; fileRef = D98F352B1D87B82A00A52DE6 /* Icon-App-76x76@1x.png */; };
		D98F35391D87B82A00A52DE6 /* Icon-App-76x76@2x.png in Resources */ = {isa = PBXBuildFile; fileRef = D98F352C1D87B82A00A52DE6 /* Icon-App-76x76@2x.png */; };
		D98F353A1D87B82A00A52DE6 /* Icon-App-76x76@3x.png in Resources */ = {isa = PBXBuildFile; fileRef = D98F352D1D87B82A00A52DE6 /* Icon-App-76x76@3x.png */; };
		D98F353B1D87B82A00A52DE6 /* Icon-App-83.5x83.5@2x.png in Resources */ = {isa = PBXBuildFile; fileRef = D98F352E1D87B82A00A52DE6 /* Icon-App-83.5x83.5@2x.png */; };
		D98F353E1D87B89A00A52DE6 /* pokedex.png in Resources */ = {isa = PBXBuildFile; fileRef = D98F353D1D87B89A00A52DE6 /* pokedex.png */; };
		D98F35401D87B8AF00A52DE6 /* voiq-logo-FINAL-1.png in Resources */ = {isa = PBXBuildFile; fileRef = D98F353F1D87B8AF00A52DE6 /* voiq-logo-FINAL-1.png */; };
		D9D755401D8D329000F5F8DB /* PDV_Obj_PokeApi.m in Sources */ = {isa = PBXBuildFile; fileRef = D9D7553F1D8D329000F5F8DB /* PDV_Obj_PokeApi.m */; };
		D9D755441D8D33F100F5F8DB /* PDV_ParcialPokemon_PokeAPi.m in Sources */ = {isa = PBXBuildFile; fileRef = D9D755431D8D33F100F5F8DB /* PDV_ParcialPokemon_PokeAPi.m */; };
		D9D755461D8DF88000F5F8DB /* pokeball_icon.png in Resources */ = {isa = PBXBuildFile; fileRef = D9D755451D8DF88000F5F8DB /* pokeball_icon.png */; };
		D9D755481D8DF8F200F5F8DB /* pokeball_icon@1.png in Resources */ = {isa = PBXBuildFile; fileRef = D9D755471D8DF8F200F5F8DB /* pokeball_icon@1.png */; };
		D9D7554A1D8DF8F600F5F8DB /* pokeball_icon@2.png in Resources */ = {isa = PBXBuildFile; fileRef = D9D755491D8DF8F600F5F8DB /* pokeball_icon@2.png */; };
		D9D7554C1D8DF8FB00F5F8DB /* pokeball_icon@3.png in Resources */ = {isa = PBXBuildFile; fileRef = D9D7554B1D8DF8FB00F5F8DB /* pokeball_icon@3.png */; };
		D9D755501D8DF9AC00F5F8DB /* pokeball_icon-3.png in Resources */ = {isa = PBXBuildFile; fileRef = D9D7554D1D8DF9AC00F5F8DB /* pokeball_icon-3.png */; };
		D9D755511D8DF9AC00F5F8DB /* pokeball_icon-2.png in Resources */ = {isa = PBXBuildFile; fileRef = D9D7554E1D8DF9AC00F5F8DB /* pokeball_icon-2.png */; };
		D9D755521D8DF9AC00F5F8DB /* pokeball_icon-1.png in Resources */ = {isa = PBXBuildFile; fileRef = D9D7554F1D8DF9AC00F5F8DB /* pokeball_icon-1.png */; };
		D9D755561D8E570B00F5F8DB /* PDV_CellHome.xib in Resources */ = {isa = PBXBuildFile; fileRef = D9D755551D8E570B00F5F8DB /* PDV_CellHome.xib */; };
		D9D7555A1D8E592100F5F8DB /* PDV_CellMenuTableViewCell.m in Sources */ = {isa = PBXBuildFile; fileRef = D9D755591D8E592100F5F8DB /* PDV_CellMenuTableViewCell.m */; };
		D9D755641D8F52E300F5F8DB /* PDV_Gender_PokeApi.m in Sources */ = {isa = PBXBuildFile; fileRef = D9D755631D8F52E300F5F8DB /* PDV_Gender_PokeApi.m */; };
		D9DF1C421D8A037E00C545B1 /* Checkmark.png in Resources */ = {isa = PBXBuildFile; fileRef = D9DF1C3F1D8A037E00C545B1 /* Checkmark.png */; };
		D9DF1C431D8A037E00C545B1 /* Checkmark@2x.png in Resources */ = {isa = PBXBuildFile; fileRef = D9DF1C401D8A037E00C545B1 /* Checkmark@2x.png */; };
		D9DF1C441D8A037E00C545B1 /* Checkmark@3x.png in Resources */ = {isa = PBXBuildFile; fileRef = D9DF1C411D8A037E00C545B1 /* Checkmark@3x.png */; };
		D9DF1C4D1D8A04A200C545B1 /* cancel-4.png in Resources */ = {isa = PBXBuildFile; fileRef = D9DF1C4C1D8A04A200C545B1 /* cancel-4.png */; };
		D9DF1C4F1D8A04A700C545B1 /* cancel-5.png in Resources */ = {isa = PBXBuildFile; fileRef = D9DF1C4E1D8A04A700C545B1 /* cancel-5.png */; };
		D9DF1C511D8A04AF00C545B1 /* cancel-6.png in Resources */ = {isa = PBXBuildFile; fileRef = D9DF1C501D8A04AF00C545B1 /* cancel-6.png */; };
		D9DF1C531D8A05ED00C545B1 /* cancel.png in Resources */ = {isa = PBXBuildFile; fileRef = D9DF1C521D8A05ED00C545B1 /* cancel.png */; };
		D9DF1C551D8A05F100C545B1 /* cancel-2.png in Resources */ = {isa = PBXBuildFile; fileRef = D9DF1C541D8A05F100C545B1 /* cancel-2.png */; };
		D9DF1C571D8A05FB00C545B1 /* cancel-3.png in Resources */ = {isa = PBXBuildFile; fileRef = D9DF1C561D8A05FB00C545B1 /* cancel-3.png */; };
		D9DF1C591D8A500C00C545B1 /* cells.png in Resources */ = {isa = PBXBuildFile; fileRef = D9DF1C581D8A500C00C545B1 /* cells.png */; };
		D9DF1C5B1D8A501100C545B1 /* cells-2.png in Resources */ = {isa = PBXBuildFile; fileRef = D9DF1C5A1D8A501100C545B1 /* cells-2.png */; };
		D9DF1C5D1D8A501A00C545B1 /* cells-3.png in Resources */ = {isa = PBXBuildFile; fileRef = D9DF1C5C1D8A501A00C545B1 /* cells-3.png */; };
		D9DF1C5F1D8A50A700C545B1 /* list.png in Resources */ = {isa = PBXBuildFile; fileRef = D9DF1C5E1D8A50A700C545B1 /* list.png */; };
		D9DF1C611D8A50AC00C545B1 /* list-2.png in Resources */ = {isa = PBXBuildFile; fileRef = D9DF1C601D8A50AC00C545B1 /* list-2.png */; };
		D9DF1C631D8A50B100C545B1 /* list-3.png in Resources */ = {isa = PBXBuildFile; fileRef = D9DF1C621D8A50B100C545B1 /* list-3.png */; };
		D9E4668C1D88BB810031F13F /* NSDictionary+StripNSNulls.m in Sources */ = {isa = PBXBuildFile; fileRef = D9E4668B1D88BB810031F13F /* NSDictionary+StripNSNulls.m */; };
		D9E466961D890C910031F13F /* PDV_WebService.m in Sources */ = {isa = PBXBuildFile; fileRef = D9E466951D890C910031F13F /* PDV_WebService.m */; };
		D9E4669C1D893E9C0031F13F /* cualpokemon.jpg in Resources */ = {isa = PBXBuildFile; fileRef = D9E4669B1D893E9C0031F13F /* cualpokemon.jpg */; };
/* End PBXBuildFile section */

/* Begin PBXContainerItemProxy section */
		D935CE491D879A5300C79EF3 /* PBXContainerItemProxy */ = {
			isa = PBXContainerItemProxy;
			containerPortal = D935CE241D879A5300C79EF3 /* Project object */;
			proxyType = 1;
			remoteGlobalIDString = D935CE2B1D879A5300C79EF3;
			remoteInfo = PokeDex_VOIQ;
		};
		D935CE541D879A5300C79EF3 /* PBXContainerItemProxy */ = {
			isa = PBXContainerItemProxy;
			containerPortal = D935CE241D879A5300C79EF3 /* Project object */;
			proxyType = 1;
			remoteGlobalIDString = D935CE2B1D879A5300C79EF3;
			remoteInfo = PokeDex_VOIQ;
		};
/* End PBXContainerItemProxy section */

/* Begin PBXFileReference section */
		04B3610C7F094223871B1EDB /* Pods-PokeDex_VOIQ.release.xcconfig */ = {isa = PBXFileReference; includeInIndex = 1; lastKnownFileType = text.xcconfig; name = "Pods-PokeDex_VOIQ.release.xcconfig"; path = "Pods/Target Support Files/Pods-PokeDex_VOIQ/Pods-PokeDex_VOIQ.release.xcconfig"; sourceTree = "<group>"; };
		2E7A064055074768B327485B /* libPods-PokeDex_VOIQ.a */ = {isa = PBXFileReference; explicitFileType = archive.ar; includeInIndex = 0; path = "libPods-PokeDex_VOIQ.a"; sourceTree = BUILT_PRODUCTS_DIR; };
		C5A7DD57FA80A9C085FA8BFC /* Pods-PokeDex_VOIQ.debug.xcconfig */ = {isa = PBXFileReference; includeInIndex = 1; lastKnownFileType = text.xcconfig; name = "Pods-PokeDex_VOIQ.debug.xcconfig"; path = "Pods/Target Support Files/Pods-PokeDex_VOIQ/Pods-PokeDex_VOIQ.debug.xcconfig"; sourceTree = "<group>"; };
		D90EECDD1D8F9931008F8E61 /* PDV_Type_PokeApi.h */ = {isa = PBXFileReference; fileEncoding = 4; lastKnownFileType = sourcecode.c.h; path = PDV_Type_PokeApi.h; sourceTree = "<group>"; };
		D90EECDE1D8F9931008F8E61 /* PDV_Type_PokeApi.m */ = {isa = PBXFileReference; fileEncoding = 4; lastKnownFileType = sourcecode.c.objc; path = PDV_Type_PokeApi.m; sourceTree = "<group>"; };
		D92072AB1D889778004E3F82 /* pokedex.json */ = {isa = PBXFileReference; fileEncoding = 4; lastKnownFileType = text.json; path = pokedex.json; sourceTree = "<group>"; };
		D92072AE1D8899C3004E3F82 /* PDV_Pokemon_Obj.h */ = {isa = PBXFileReference; fileEncoding = 4; lastKnownFileType = sourcecode.c.h; path = PDV_Pokemon_Obj.h; sourceTree = "<group>"; };
		D92072AF1D8899C3004E3F82 /* PDV_Pokemon_Obj.m */ = {isa = PBXFileReference; fileEncoding = 4; lastKnownFileType = sourcecode.c.objc; path = PDV_Pokemon_Obj.m; sourceTree = "<group>"; };
		D935CE2C1D879A5300C79EF3 /* PokeDex_VOIQ.app */ = {isa = PBXFileReference; explicitFileType = wrapper.application; includeInIndex = 0; path = PokeDex_VOIQ.app; sourceTree = BUILT_PRODUCTS_DIR; };
		D935CE301D879A5300C79EF3 /* main.m */ = {isa = PBXFileReference; lastKnownFileType = sourcecode.c.objc; path = main.m; sourceTree = "<group>"; };
		D935CE321D879A5300C79EF3 /* AppDelegate.h */ = {isa = PBXFileReference; lastKnownFileType = sourcecode.c.h; path = AppDelegate.h; sourceTree = "<group>"; };
		D935CE331D879A5300C79EF3 /* AppDelegate.m */ = {isa = PBXFileReference; lastKnownFileType = sourcecode.c.objc; path = AppDelegate.m; sourceTree = "<group>"; };
		D935CE351D879A5300C79EF3 /* MasterViewController.h */ = {isa = PBXFileReference; lastKnownFileType = sourcecode.c.h; path = MasterViewController.h; sourceTree = "<group>"; };
		D935CE361D879A5300C79EF3 /* MasterViewController.m */ = {isa = PBXFileReference; lastKnownFileType = sourcecode.c.objc; path = MasterViewController.m; sourceTree = "<group>"; };
		D935CE381D879A5300C79EF3 /* DetailViewController.h */ = {isa = PBXFileReference; lastKnownFileType = sourcecode.c.h; path = DetailViewController.h; sourceTree = "<group>"; };
		D935CE391D879A5300C79EF3 /* DetailViewController.m */ = {isa = PBXFileReference; lastKnownFileType = sourcecode.c.objc; path = DetailViewController.m; sourceTree = "<group>"; };
		D935CE3C1D879A5300C79EF3 /* Base */ = {isa = PBXFileReference; lastKnownFileType = file.storyboard; name = Base; path = Base.lproj/Main.storyboard; sourceTree = "<group>"; };
		D935CE3E1D879A5300C79EF3 /* Assets.xcassets */ = {isa = PBXFileReference; lastKnownFileType = folder.assetcatalog; path = Assets.xcassets; sourceTree = "<group>"; };
		D935CE411D879A5300C79EF3 /* Base */ = {isa = PBXFileReference; lastKnownFileType = file.storyboard; name = Base; path = Base.lproj/LaunchScreen.storyboard; sourceTree = "<group>"; };
		D935CE431D879A5300C79EF3 /* Info.plist */ = {isa = PBXFileReference; lastKnownFileType = text.plist.xml; path = Info.plist; sourceTree = "<group>"; };
		D935CE481D879A5300C79EF3 /* PokeDex_VOIQTests.xctest */ = {isa = PBXFileReference; explicitFileType = wrapper.cfbundle; includeInIndex = 0; path = PokeDex_VOIQTests.xctest; sourceTree = BUILT_PRODUCTS_DIR; };
		D935CE4C1D879A5300C79EF3 /* PokeDex_VOIQTests.m */ = {isa = PBXFileReference; lastKnownFileType = sourcecode.c.objc; path = PokeDex_VOIQTests.m; sourceTree = "<group>"; };
		D935CE4E1D879A5300C79EF3 /* Info.plist */ = {isa = PBXFileReference; lastKnownFileType = text.plist.xml; path = Info.plist; sourceTree = "<group>"; };
		D935CE531D879A5300C79EF3 /* PokeDex_VOIQUITests.xctest */ = {isa = PBXFileReference; explicitFileType = wrapper.cfbundle; includeInIndex = 0; path = PokeDex_VOIQUITests.xctest; sourceTree = BUILT_PRODUCTS_DIR; };
		D935CE571D879A5300C79EF3 /* PokeDex_VOIQUITests.m */ = {isa = PBXFileReference; lastKnownFileType = sourcecode.c.objc; path = PokeDex_VOIQUITests.m; sourceTree = "<group>"; };
		D935CE591D879A5300C79EF3 /* Info.plist */ = {isa = PBXFileReference; lastKnownFileType = text.plist.xml; path = Info.plist; sourceTree = "<group>"; };
		D98F35221D87B82A00A52DE6 /* Icon-App-29x29@1x.png */ = {isa = PBXFileReference; lastKnownFileType = image.png; path = "Icon-App-29x29@1x.png"; sourceTree = "<group>"; };
		D98F35231D87B82A00A52DE6 /* Icon-App-29x29@2x.png */ = {isa = PBXFileReference; lastKnownFileType = image.png; path = "Icon-App-29x29@2x.png"; sourceTree = "<group>"; };
		D98F35241D87B82A00A52DE6 /* Icon-App-29x29@3x.png */ = {isa = PBXFileReference; lastKnownFileType = image.png; path = "Icon-App-29x29@3x.png"; sourceTree = "<group>"; };
		D98F35251D87B82A00A52DE6 /* Icon-App-40x40@1x.png */ = {isa = PBXFileReference; lastKnownFileType = image.png; path = "Icon-App-40x40@1x.png"; sourceTree = "<group>"; };
		D98F35261D87B82A00A52DE6 /* Icon-App-40x40@2x.png */ = {isa = PBXFileReference; lastKnownFileType = image.png; path = "Icon-App-40x40@2x.png"; sourceTree = "<group>"; };
		D98F35271D87B82A00A52DE6 /* Icon-App-40x40@3x.png */ = {isa = PBXFileReference; lastKnownFileType = image.png; path = "Icon-App-40x40@3x.png"; sourceTree = "<group>"; };
		D98F35281D87B82A00A52DE6 /* Icon-App-60x60@1x.png */ = {isa = PBXFileReference; lastKnownFileType = image.png; path = "Icon-App-60x60@1x.png"; sourceTree = "<group>"; };
		D98F35291D87B82A00A52DE6 /* Icon-App-60x60@2x.png */ = {isa = PBXFileReference; lastKnownFileType = image.png; path = "Icon-App-60x60@2x.png"; sourceTree = "<group>"; };
		D98F352A1D87B82A00A52DE6 /* Icon-App-60x60@3x.png */ = {isa = PBXFileReference; lastKnownFileType = image.png; path = "Icon-App-60x60@3x.png"; sourceTree = "<group>"; };
		D98F352B1D87B82A00A52DE6 /* Icon-App-76x76@1x.png */ = {isa = PBXFileReference; lastKnownFileType = image.png; path = "Icon-App-76x76@1x.png"; sourceTree = "<group>"; };
		D98F352C1D87B82A00A52DE6 /* Icon-App-76x76@2x.png */ = {isa = PBXFileReference; lastKnownFileType = image.png; path = "Icon-App-76x76@2x.png"; sourceTree = "<group>"; };
		D98F352D1D87B82A00A52DE6 /* Icon-App-76x76@3x.png */ = {isa = PBXFileReference; lastKnownFileType = image.png; path = "Icon-App-76x76@3x.png"; sourceTree = "<group>"; };
		D98F352E1D87B82A00A52DE6 /* Icon-App-83.5x83.5@2x.png */ = {isa = PBXFileReference; lastKnownFileType = image.png; path = "Icon-App-83.5x83.5@2x.png"; sourceTree = "<group>"; };
		D98F353D1D87B89A00A52DE6 /* pokedex.png */ = {isa = PBXFileReference; lastKnownFileType = image.png; path = pokedex.png; sourceTree = "<group>"; };
		D98F353F1D87B8AF00A52DE6 /* voiq-logo-FINAL-1.png */ = {isa = PBXFileReference; lastKnownFileType = image.png; path = "voiq-logo-FINAL-1.png"; sourceTree = "<group>"; };
		D98F35411D87BA8700A52DE6 /* Montserrat-Light.otf */ = {isa = PBXFileReference; lastKnownFileType = file; path = "Montserrat-Light.otf"; sourceTree = "<group>"; };
		D98F35421D87BA9F00A52DE6 /* Montserrat-Regular.otf */ = {isa = PBXFileReference; lastKnownFileType = file; path = "Montserrat-Regular.otf"; sourceTree = "<group>"; };
		D9D7553E1D8D329000F5F8DB /* PDV_Obj_PokeApi.h */ = {isa = PBXFileReference; fileEncoding = 4; lastKnownFileType = sourcecode.c.h; path = PDV_Obj_PokeApi.h; sourceTree = "<group>"; };
		D9D7553F1D8D329000F5F8DB /* PDV_Obj_PokeApi.m */ = {isa = PBXFileReference; fileEncoding = 4; lastKnownFileType = sourcecode.c.objc; path = PDV_Obj_PokeApi.m; sourceTree = "<group>"; };
		D9D755421D8D33F100F5F8DB /* PDV_ParcialPokemon_PokeAPi.h */ = {isa = PBXFileReference; fileEncoding = 4; lastKnownFileType = sourcecode.c.h; path = PDV_ParcialPokemon_PokeAPi.h; sourceTree = "<group>"; };
		D9D755431D8D33F100F5F8DB /* PDV_ParcialPokemon_PokeAPi.m */ = {isa = PBXFileReference; fileEncoding = 4; lastKnownFileType = sourcecode.c.objc; path = PDV_ParcialPokemon_PokeAPi.m; sourceTree = "<group>"; };
		D9D755451D8DF88000F5F8DB /* pokeball_icon.png */ = {isa = PBXFileReference; lastKnownFileType = image.png; path = pokeball_icon.png; sourceTree = "<group>"; };
		D9D755471D8DF8F200F5F8DB /* pokeball_icon@1.png */ = {isa = PBXFileReference; lastKnownFileType = image.png; path = "pokeball_icon@1.png"; sourceTree = "<group>"; };
		D9D755491D8DF8F600F5F8DB /* pokeball_icon@2.png */ = {isa = PBXFileReference; lastKnownFileType = image.png; path = "pokeball_icon@2.png"; sourceTree = "<group>"; };
		D9D7554B1D8DF8FB00F5F8DB /* pokeball_icon@3.png */ = {isa = PBXFileReference; lastKnownFileType = image.png; path = "pokeball_icon@3.png"; sourceTree = "<group>"; };
		D9D7554D1D8DF9AC00F5F8DB /* pokeball_icon-3.png */ = {isa = PBXFileReference; lastKnownFileType = image.png; path = "pokeball_icon-3.png"; sourceTree = "<group>"; };
		D9D7554E1D8DF9AC00F5F8DB /* pokeball_icon-2.png */ = {isa = PBXFileReference; lastKnownFileType = image.png; path = "pokeball_icon-2.png"; sourceTree = "<group>"; };
		D9D7554F1D8DF9AC00F5F8DB /* pokeball_icon-1.png */ = {isa = PBXFileReference; lastKnownFileType = image.png; path = "pokeball_icon-1.png"; sourceTree = "<group>"; };
		D9D755551D8E570B00F5F8DB /* PDV_CellHome.xib */ = {isa = PBXFileReference; fileEncoding = 4; lastKnownFileType = file.xib; path = PDV_CellHome.xib; sourceTree = "<group>"; };
		D9D755581D8E592100F5F8DB /* PDV_CellMenuTableViewCell.h */ = {isa = PBXFileReference; fileEncoding = 4; lastKnownFileType = sourcecode.c.h; path = PDV_CellMenuTableViewCell.h; sourceTree = "<group>"; };
		D9D755591D8E592100F5F8DB /* PDV_CellMenuTableViewCell.m */ = {isa = PBXFileReference; fileEncoding = 4; lastKnownFileType = sourcecode.c.objc; path = PDV_CellMenuTableViewCell.m; sourceTree = "<group>"; };
		D9D755621D8F52E300F5F8DB /* PDV_Gender_PokeApi.h */ = {isa = PBXFileReference; fileEncoding = 4; lastKnownFileType = sourcecode.c.h; path = PDV_Gender_PokeApi.h; sourceTree = "<group>"; };
		D9D755631D8F52E300F5F8DB /* PDV_Gender_PokeApi.m */ = {isa = PBXFileReference; fileEncoding = 4; lastKnownFileType = sourcecode.c.objc; path = PDV_Gender_PokeApi.m; sourceTree = "<group>"; };
		D9DF1C3F1D8A037E00C545B1 /* Checkmark.png */ = {isa = PBXFileReference; lastKnownFileType = image.png; path = Checkmark.png; sourceTree = "<group>"; };
		D9DF1C401D8A037E00C545B1 /* Checkmark@2x.png */ = {isa = PBXFileReference; lastKnownFileType = image.png; path = "Checkmark@2x.png"; sourceTree = "<group>"; };
		D9DF1C411D8A037E00C545B1 /* Checkmark@3x.png */ = {isa = PBXFileReference; lastKnownFileType = image.png; path = "Checkmark@3x.png"; sourceTree = "<group>"; };
		D9DF1C4C1D8A04A200C545B1 /* cancel-4.png */ = {isa = PBXFileReference; lastKnownFileType = image.png; path = "cancel-4.png"; sourceTree = "<group>"; };
		D9DF1C4E1D8A04A700C545B1 /* cancel-5.png */ = {isa = PBXFileReference; lastKnownFileType = image.png; path = "cancel-5.png"; sourceTree = "<group>"; };
		D9DF1C501D8A04AF00C545B1 /* cancel-6.png */ = {isa = PBXFileReference; lastKnownFileType = image.png; path = "cancel-6.png"; sourceTree = "<group>"; };
		D9DF1C521D8A05ED00C545B1 /* cancel.png */ = {isa = PBXFileReference; lastKnownFileType = image.png; path = cancel.png; sourceTree = "<group>"; };
		D9DF1C541D8A05F100C545B1 /* cancel-2.png */ = {isa = PBXFileReference; lastKnownFileType = image.png; path = "cancel-2.png"; sourceTree = "<group>"; };
		D9DF1C561D8A05FB00C545B1 /* cancel-3.png */ = {isa = PBXFileReference; lastKnownFileType = image.png; path = "cancel-3.png"; sourceTree = "<group>"; };
		D9DF1C581D8A500C00C545B1 /* cells.png */ = {isa = PBXFileReference; lastKnownFileType = image.png; path = cells.png; sourceTree = "<group>"; };
		D9DF1C5A1D8A501100C545B1 /* cells-2.png */ = {isa = PBXFileReference; lastKnownFileType = image.png; path = "cells-2.png"; sourceTree = "<group>"; };
		D9DF1C5C1D8A501A00C545B1 /* cells-3.png */ = {isa = PBXFileReference; lastKnownFileType = image.png; path = "cells-3.png"; sourceTree = "<group>"; };
		D9DF1C5E1D8A50A700C545B1 /* list.png */ = {isa = PBXFileReference; lastKnownFileType = image.png; path = list.png; sourceTree = "<group>"; };
		D9DF1C601D8A50AC00C545B1 /* list-2.png */ = {isa = PBXFileReference; lastKnownFileType = image.png; path = "list-2.png"; sourceTree = "<group>"; };
		D9DF1C621D8A50B100C545B1 /* list-3.png */ = {isa = PBXFileReference; lastKnownFileType = image.png; path = "list-3.png"; sourceTree = "<group>"; };
		D9E466891D88B8240031F13F /* PDV_Constans.h */ = {isa = PBXFileReference; lastKnownFileType = sourcecode.c.h; path = PDV_Constans.h; sourceTree = "<group>"; };
		D9E4668A1D88BB810031F13F /* NSDictionary+StripNSNulls.h */ = {isa = PBXFileReference; fileEncoding = 4; lastKnownFileType = sourcecode.c.h; path = "NSDictionary+StripNSNulls.h"; sourceTree = "<group>"; };
		D9E4668B1D88BB810031F13F /* NSDictionary+StripNSNulls.m */ = {isa = PBXFileReference; fileEncoding = 4; lastKnownFileType = sourcecode.c.objc; path = "NSDictionary+StripNSNulls.m"; sourceTree = "<group>"; };
		D9E466941D890C910031F13F /* PDV_WebService.h */ = {isa = PBXFileReference; fileEncoding = 4; lastKnownFileType = sourcecode.c.h; path = PDV_WebService.h; sourceTree = "<group>"; };
		D9E466951D890C910031F13F /* PDV_WebService.m */ = {isa = PBXFileReference; fileEncoding = 4; lastKnownFileType = sourcecode.c.objc; path = PDV_WebService.m; sourceTree = "<group>"; };
		D9E4669B1D893E9C0031F13F /* cualpokemon.jpg */ = {isa = PBXFileReference; lastKnownFileType = image.jpeg; path = cualpokemon.jpg; sourceTree = "<group>"; };
/* End PBXFileReference section */

/* Begin PBXFrameworksBuildPhase section */
		D935CE291D879A5300C79EF3 /* Frameworks */ = {
			isa = PBXFrameworksBuildPhase;
			buildActionMask = 2147483647;
			files = (
				49202D2AEF99A22B71A5B44D /* libPods-PokeDex_VOIQ.a in Frameworks */,
			);
			runOnlyForDeploymentPostprocessing = 0;
		};
		D935CE451D879A5300C79EF3 /* Frameworks */ = {
			isa = PBXFrameworksBuildPhase;
			buildActionMask = 2147483647;
			files = (
			);
			runOnlyForDeploymentPostprocessing = 0;
		};
		D935CE501D879A5300C79EF3 /* Frameworks */ = {
			isa = PBXFrameworksBuildPhase;
			buildActionMask = 2147483647;
			files = (
			);
			runOnlyForDeploymentPostprocessing = 0;
		};
/* End PBXFrameworksBuildPhase section */

/* Begin PBXGroup section */
		2FC98AB5612B524E15DC7CE9 /* Pods */ = {
			isa = PBXGroup;
			children = (
				C5A7DD57FA80A9C085FA8BFC /* Pods-PokeDex_VOIQ.debug.xcconfig */,
				04B3610C7F094223871B1EDB /* Pods-PokeDex_VOIQ.release.xcconfig */,
			);
			name = Pods;
			sourceTree = "<group>";
		};
		9C399959D62D0D0CE1C68BCC /* Frameworks */ = {
			isa = PBXGroup;
			children = (
				2E7A064055074768B327485B /* libPods-PokeDex_VOIQ.a */,
			);
			name = Frameworks;
			sourceTree = "<group>";
		};
		D92072AD1D889991004E3F82 /* Pokemon Obj */ = {
			isa = PBXGroup;
			children = (
				D92072AE1D8899C3004E3F82 /* PDV_Pokemon_Obj.h */,
				D92072AF1D8899C3004E3F82 /* PDV_Pokemon_Obj.m */,
			);
			name = "Pokemon Obj";
			sourceTree = "<group>";
		};
		D935CE231D879A5300C79EF3 = {
			isa = PBXGroup;
			children = (
				D935CE2E1D879A5300C79EF3 /* PokeDex_VOIQ */,
				D935CE4B1D879A5300C79EF3 /* PokeDex_VOIQTests */,
				D935CE561D879A5300C79EF3 /* PokeDex_VOIQUITests */,
				D935CE2D1D879A5300C79EF3 /* Products */,
				2FC98AB5612B524E15DC7CE9 /* Pods */,
				9C399959D62D0D0CE1C68BCC /* Frameworks */,
			);
			sourceTree = "<group>";
		};
		D935CE2D1D879A5300C79EF3 /* Products */ = {
			isa = PBXGroup;
			children = (
				D935CE2C1D879A5300C79EF3 /* PokeDex_VOIQ.app */,
				D935CE481D879A5300C79EF3 /* PokeDex_VOIQTests.xctest */,
				D935CE531D879A5300C79EF3 /* PokeDex_VOIQUITests.xctest */,
			);
			name = Products;
			sourceTree = "<group>";
		};
		D935CE2E1D879A5300C79EF3 /* PokeDex_VOIQ */ = {
			isa = PBXGroup;
			children = (
				D9D755411D8D329900F5F8DB /* PokeApi.co */,
				D92072AD1D889991004E3F82 /* Pokemon Obj */,
				D9E466931D890BE90031F13F /* Support */,
				D9D755571D8E58F200F5F8DB /* Cell */,
				D935CE351D879A5300C79EF3 /* MasterViewController.h */,
				D935CE361D879A5300C79EF3 /* MasterViewController.m */,
				D935CE381D879A5300C79EF3 /* DetailViewController.h */,
				D935CE391D879A5300C79EF3 /* DetailViewController.m */,
				D935CE3B1D879A5300C79EF3 /* Main.storyboard */,
				D935CE401D879A5300C79EF3 /* LaunchScreen.storyboard */,
				D935CE2F1D879A5300C79EF3 /* Supporting Files */,
			);
			path = PokeDex_VOIQ;
			sourceTree = "<group>";
		};
		D935CE2F1D879A5300C79EF3 /* Supporting Files */ = {
			isa = PBXGroup;
			children = (
				D9E4668A1D88BB810031F13F /* NSDictionary+StripNSNulls.h */,
				D9E4668B1D88BB810031F13F /* NSDictionary+StripNSNulls.m */,
				D92072AB1D889778004E3F82 /* pokedex.json */,
				D935CE3E1D879A5300C79EF3 /* Assets.xcassets */,
				D935CE431D879A5300C79EF3 /* Info.plist */,
				D935CE321D879A5300C79EF3 /* AppDelegate.h */,
				D935CE331D879A5300C79EF3 /* AppDelegate.m */,
				D98F35211D87B7FA00A52DE6 /* Images */,
				D935CE301D879A5300C79EF3 /* main.m */,
			);
			name = "Supporting Files";
			sourceTree = "<group>";
		};
		D935CE4B1D879A5300C79EF3 /* PokeDex_VOIQTests */ = {
			isa = PBXGroup;
			children = (
				D935CE4C1D879A5300C79EF3 /* PokeDex_VOIQTests.m */,
				D935CE4E1D879A5300C79EF3 /* Info.plist */,
			);
			path = PokeDex_VOIQTests;
			sourceTree = "<group>";
		};
		D935CE561D879A5300C79EF3 /* PokeDex_VOIQUITests */ = {
			isa = PBXGroup;
			children = (
				D935CE571D879A5300C79EF3 /* PokeDex_VOIQUITests.m */,
				D935CE591D879A5300C79EF3 /* Info.plist */,
			);
			path = PokeDex_VOIQUITests;
			sourceTree = "<group>";
		};
		D98F35211D87B7FA00A52DE6 /* Images */ = {
			isa = PBXGroup;
			children = (
				D9D7554D1D8DF9AC00F5F8DB /* pokeball_icon-3.png */,
				D9D7554E1D8DF9AC00F5F8DB /* pokeball_icon-2.png */,
				D9D7554F1D8DF9AC00F5F8DB /* pokeball_icon-1.png */,
				D9D755471D8DF8F200F5F8DB /* pokeball_icon@1.png */,
				D9D755491D8DF8F600F5F8DB /* pokeball_icon@2.png */,
				D9D7554B1D8DF8FB00F5F8DB /* pokeball_icon@3.png */,
				D9D755451D8DF88000F5F8DB /* pokeball_icon.png */,
				D9DF1C5E1D8A50A700C545B1 /* list.png */,
				D9DF1C601D8A50AC00C545B1 /* list-2.png */,
				D9DF1C621D8A50B100C545B1 /* list-3.png */,
				D9DF1C581D8A500C00C545B1 /* cells.png */,
				D9DF1C5A1D8A501100C545B1 /* cells-2.png */,
				D9DF1C5C1D8A501A00C545B1 /* cells-3.png */,
				D98F35421D87BA9F00A52DE6 /* Montserrat-Regular.otf */,
				D98F35411D87BA8700A52DE6 /* Montserrat-Light.otf */,
				D98F353F1D87B8AF00A52DE6 /* voiq-logo-FINAL-1.png */,
				D98F353D1D87B89A00A52DE6 /* pokedex.png */,
				D9DF1C4B1D8A049800C545B1 /* Check */,
				D98F353C1D87B83100A52DE6 /* Icone */,
			);
			name = Images;
			sourceTree = "<group>";
		};
		D98F353C1D87B83100A52DE6 /* Icone */ = {
			isa = PBXGroup;
			children = (
				D9E4669B1D893E9C0031F13F /* cualpokemon.jpg */,
				D98F35221D87B82A00A52DE6 /* Icon-App-29x29@1x.png */,
				D98F35231D87B82A00A52DE6 /* Icon-App-29x29@2x.png */,
				D98F35241D87B82A00A52DE6 /* Icon-App-29x29@3x.png */,
				D98F35251D87B82A00A52DE6 /* Icon-App-40x40@1x.png */,
				D98F35261D87B82A00A52DE6 /* Icon-App-40x40@2x.png */,
				D98F35271D87B82A00A52DE6 /* Icon-App-40x40@3x.png */,
				D98F35281D87B82A00A52DE6 /* Icon-App-60x60@1x.png */,
				D98F35291D87B82A00A52DE6 /* Icon-App-60x60@2x.png */,
				D98F352A1D87B82A00A52DE6 /* Icon-App-60x60@3x.png */,
				D98F352B1D87B82A00A52DE6 /* Icon-App-76x76@1x.png */,
				D98F352C1D87B82A00A52DE6 /* Icon-App-76x76@2x.png */,
				D98F352D1D87B82A00A52DE6 /* Icon-App-76x76@3x.png */,
				D98F352E1D87B82A00A52DE6 /* Icon-App-83.5x83.5@2x.png */,
			);
			name = Icone;
			sourceTree = "<group>";
		};
		D9D755411D8D329900F5F8DB /* PokeApi.co */ = {
			isa = PBXGroup;
			children = (
				D9D7553E1D8D329000F5F8DB /* PDV_Obj_PokeApi.h */,
				D9D7553F1D8D329000F5F8DB /* PDV_Obj_PokeApi.m */,
				D9D755621D8F52E300F5F8DB /* PDV_Gender_PokeApi.h */,
				D9D755631D8F52E300F5F8DB /* PDV_Gender_PokeApi.m */,
				D90EECDD1D8F9931008F8E61 /* PDV_Type_PokeApi.h */,
				D90EECDE1D8F9931008F8E61 /* PDV_Type_PokeApi.m */,
				D9D755421D8D33F100F5F8DB /* PDV_ParcialPokemon_PokeAPi.h */,
				D9D755431D8D33F100F5F8DB /* PDV_ParcialPokemon_PokeAPi.m */,
			);
			name = PokeApi.co;
			sourceTree = "<group>";
		};
		D9D755571D8E58F200F5F8DB /* Cell */ = {
			isa = PBXGroup;
			children = (
				D9D755551D8E570B00F5F8DB /* PDV_CellHome.xib */,
				D9D755581D8E592100F5F8DB /* PDV_CellMenuTableViewCell.h */,
				D9D755591D8E592100F5F8DB /* PDV_CellMenuTableViewCell.m */,
			);
			name = Cell;
			sourceTree = "<group>";
		};
		D9DF1C4B1D8A049800C545B1 /* Check */ = {
			isa = PBXGroup;
			children = (
				D9DF1C521D8A05ED00C545B1 /* cancel.png */,
				D9DF1C541D8A05F100C545B1 /* cancel-2.png */,
				D9DF1C561D8A05FB00C545B1 /* cancel-3.png */,
				D9DF1C4C1D8A04A200C545B1 /* cancel-4.png */,
				D9DF1C4E1D8A04A700C545B1 /* cancel-5.png */,
				D9DF1C501D8A04AF00C545B1 /* cancel-6.png */,
				D9DF1C3F1D8A037E00C545B1 /* Checkmark.png */,
				D9DF1C401D8A037E00C545B1 /* Checkmark@2x.png */,
				D9DF1C411D8A037E00C545B1 /* Checkmark@3x.png */,
			);
			name = Check;
			sourceTree = "<group>";
		};
		D9E466931D890BE90031F13F /* Support */ = {
			isa = PBXGroup;
			children = (
				D9E466891D88B8240031F13F /* PDV_Constans.h */,
				D9E466941D890C910031F13F /* PDV_WebService.h */,
				D9E466951D890C910031F13F /* PDV_WebService.m */,
			);
			name = Support;
			sourceTree = "<group>";
		};
/* End PBXGroup section */

/* Begin PBXNativeTarget section */
		D935CE2B1D879A5300C79EF3 /* PokeDex_VOIQ */ = {
			isa = PBXNativeTarget;
			buildConfigurationList = D935CE5C1D879A5300C79EF3 /* Build configuration list for PBXNativeTarget "PokeDex_VOIQ" */;
			buildPhases = (
				8CD427CD4B54628FA35DE691 /* [CP] Check Pods Manifest.lock */,
				D935CE281D879A5300C79EF3 /* Sources */,
				D935CE291D879A5300C79EF3 /* Frameworks */,
				D935CE2A1D879A5300C79EF3 /* Resources */,
				0C4BF7CC39267A06A1D436F5 /* [CP] Embed Pods Frameworks */,
				A11AF811C37FF6103E2E85CA /* [CP] Copy Pods Resources */,
			);
			buildRules = (
			);
			dependencies = (
			);
			name = PokeDex_VOIQ;
			productName = PokeDex_VOIQ;
			productReference = D935CE2C1D879A5300C79EF3 /* PokeDex_VOIQ.app */;
			productType = "com.apple.product-type.application";
		};
		D935CE471D879A5300C79EF3 /* PokeDex_VOIQTests */ = {
			isa = PBXNativeTarget;
			buildConfigurationList = D935CE5F1D879A5300C79EF3 /* Build configuration list for PBXNativeTarget "PokeDex_VOIQTests" */;
			buildPhases = (
				D935CE441D879A5300C79EF3 /* Sources */,
				D935CE451D879A5300C79EF3 /* Frameworks */,
				D935CE461D879A5300C79EF3 /* Resources */,
			);
			buildRules = (
			);
			dependencies = (
				D935CE4A1D879A5300C79EF3 /* PBXTargetDependency */,
			);
			name = PokeDex_VOIQTests;
			productName = PokeDex_VOIQTests;
			productReference = D935CE481D879A5300C79EF3 /* PokeDex_VOIQTests.xctest */;
			productType = "com.apple.product-type.bundle.unit-test";
		};
		D935CE521D879A5300C79EF3 /* PokeDex_VOIQUITests */ = {
			isa = PBXNativeTarget;
			buildConfigurationList = D935CE621D879A5300C79EF3 /* Build configuration list for PBXNativeTarget "PokeDex_VOIQUITests" */;
			buildPhases = (
				D935CE4F1D879A5300C79EF3 /* Sources */,
				D935CE501D879A5300C79EF3 /* Frameworks */,
				D935CE511D879A5300C79EF3 /* Resources */,
			);
			buildRules = (
			);
			dependencies = (
				D935CE551D879A5300C79EF3 /* PBXTargetDependency */,
			);
			name = PokeDex_VOIQUITests;
			productName = PokeDex_VOIQUITests;
			productReference = D935CE531D879A5300C79EF3 /* PokeDex_VOIQUITests.xctest */;
			productType = "com.apple.product-type.bundle.ui-testing";
		};
/* End PBXNativeTarget section */

/* Begin PBXProject section */
		D935CE241D879A5300C79EF3 /* Project object */ = {
			isa = PBXProject;
			attributes = {
				LastUpgradeCheck = 0800;
				ORGANIZATIONNAME = carlosparada;
				TargetAttributes = {
					D935CE2B1D879A5300C79EF3 = {
						CreatedOnToolsVersion = 7.3;
						DevelopmentTeam = 44AY3H6LVU;
						ProvisioningStyle = Automatic;
					};
					D935CE471D879A5300C79EF3 = {
						CreatedOnToolsVersion = 7.3;
						TestTargetID = D935CE2B1D879A5300C79EF3;
					};
					D935CE521D879A5300C79EF3 = {
						CreatedOnToolsVersion = 7.3;
						TestTargetID = D935CE2B1D879A5300C79EF3;
					};
				};
			};
			buildConfigurationList = D935CE271D879A5300C79EF3 /* Build configuration list for PBXProject "PokeDex_VOIQ" */;
			compatibilityVersion = "Xcode 3.2";
			developmentRegion = English;
			hasScannedForEncodings = 0;
			knownRegions = (
				en,
				Base,
			);
			mainGroup = D935CE231D879A5300C79EF3;
			productRefGroup = D935CE2D1D879A5300C79EF3 /* Products */;
			projectDirPath = "";
			projectRoot = "";
			targets = (
				D935CE2B1D879A5300C79EF3 /* PokeDex_VOIQ */,
				D935CE471D879A5300C79EF3 /* PokeDex_VOIQTests */,
				D935CE521D879A5300C79EF3 /* PokeDex_VOIQUITests */,
			);
		};
/* End PBXProject section */

/* Begin PBXResourcesBuildPhase section */
		D935CE2A1D879A5300C79EF3 /* Resources */ = {
			isa = PBXResourcesBuildPhase;
			buildActionMask = 2147483647;
			files = (
				D98F35301D87B82A00A52DE6 /* Icon-App-29x29@2x.png in Resources */,
				D92072AC1D889778004E3F82 /* pokedex.json in Resources */,
				D98F35351D87B82A00A52DE6 /* Icon-App-60x60@1x.png in Resources */,
				D98F353A1D87B82A00A52DE6 /* Icon-App-76x76@3x.png in Resources */,
				D935CE421D879A5300C79EF3 /* LaunchScreen.storyboard in Resources */,
				D9DF1C631D8A50B100C545B1 /* list-3.png in Resources */,
				D98F35371D87B82A00A52DE6 /* Icon-App-60x60@3x.png in Resources */,
				D9DF1C531D8A05ED00C545B1 /* cancel.png in Resources */,
				D98F35321D87B82A00A52DE6 /* Icon-App-40x40@1x.png in Resources */,
				D98F35401D87B8AF00A52DE6 /* voiq-logo-FINAL-1.png in Resources */,
				D9DF1C511D8A04AF00C545B1 /* cancel-6.png in Resources */,
				D935CE3F1D879A5300C79EF3 /* Assets.xcassets in Resources */,
				D9DF1C571D8A05FB00C545B1 /* cancel-3.png in Resources */,
				D9DF1C421D8A037E00C545B1 /* Checkmark.png in Resources */,
				D935CE3D1D879A5300C79EF3 /* Main.storyboard in Resources */,
				D9DF1C4F1D8A04A700C545B1 /* cancel-5.png in Resources */,
				D9D755521D8DF9AC00F5F8DB /* pokeball_icon-1.png in Resources */,
				D9D755481D8DF8F200F5F8DB /* pokeball_icon@1.png in Resources */,
				D9DF1C591D8A500C00C545B1 /* cells.png in Resources */,
				D98F35381D87B82A00A52DE6 /* Icon-App-76x76@1x.png in Resources */,
				D9D755461D8DF88000F5F8DB /* pokeball_icon.png in Resources */,
				D9DF1C5D1D8A501A00C545B1 /* cells-3.png in Resources */,
				D9DF1C441D8A037E00C545B1 /* Checkmark@3x.png in Resources */,
				D98F35361D87B82A00A52DE6 /* Icon-App-60x60@2x.png in Resources */,
				D9DF1C611D8A50AC00C545B1 /* list-2.png in Resources */,
				D9DF1C5F1D8A50A700C545B1 /* list.png in Resources */,
				D9D755561D8E570B00F5F8DB /* PDV_CellHome.xib in Resources */,
				D98F352F1D87B82A00A52DE6 /* Icon-App-29x29@1x.png in Resources */,
				D9D7554A1D8DF8F600F5F8DB /* pokeball_icon@2.png in Resources */,
				D98F353E1D87B89A00A52DE6 /* pokedex.png in Resources */,
				D98F35391D87B82A00A52DE6 /* Icon-App-76x76@2x.png in Resources */,
				D9DF1C431D8A037E00C545B1 /* Checkmark@2x.png in Resources */,
				D98F35341D87B82A00A52DE6 /* Icon-App-40x40@3x.png in Resources */,
				D9E4669C1D893E9C0031F13F /* cualpokemon.jpg in Resources */,
				D9D755501D8DF9AC00F5F8DB /* pokeball_icon-3.png in Resources */,
				D9DF1C5B1D8A501100C545B1 /* cells-2.png in Resources */,
				D9D755511D8DF9AC00F5F8DB /* pokeball_icon-2.png in Resources */,
				D98F35331D87B82A00A52DE6 /* Icon-App-40x40@2x.png in Resources */,
				D9DF1C551D8A05F100C545B1 /* cancel-2.png in Resources */,
				D98F353B1D87B82A00A52DE6 /* Icon-App-83.5x83.5@2x.png in Resources */,
				D9DF1C4D1D8A04A200C545B1 /* cancel-4.png in Resources */,
				D9D7554C1D8DF8FB00F5F8DB /* pokeball_icon@3.png in Resources */,
				D98F35311D87B82A00A52DE6 /* Icon-App-29x29@3x.png in Resources */,
			);
			runOnlyForDeploymentPostprocessing = 0;
		};
		D935CE461D879A5300C79EF3 /* Resources */ = {
			isa = PBXResourcesBuildPhase;
			buildActionMask = 2147483647;
			files = (
			);
			runOnlyForDeploymentPostprocessing = 0;
		};
		D935CE511D879A5300C79EF3 /* Resources */ = {
			isa = PBXResourcesBuildPhase;
			buildActionMask = 2147483647;
			files = (
			);
			runOnlyForDeploymentPostprocessing = 0;
		};
/* End PBXResourcesBuildPhase section */

/* Begin PBXShellScriptBuildPhase section */
		0C4BF7CC39267A06A1D436F5 /* [CP] Embed Pods Frameworks */ = {
			isa = PBXShellScriptBuildPhase;
			buildActionMask = 2147483647;
			files = (
			);
			inputPaths = (
			);
			name = "[CP] Embed Pods Frameworks";
			outputPaths = (
			);
			runOnlyForDeploymentPostprocessing = 0;
			shellPath = /bin/sh;
			shellScript = "\"${SRCROOT}/Pods/Target Support Files/Pods-PokeDex_VOIQ/Pods-PokeDex_VOIQ-frameworks.sh\"\n";
			showEnvVarsInLog = 0;
		};
		8CD427CD4B54628FA35DE691 /* [CP] Check Pods Manifest.lock */ = {
			isa = PBXShellScriptBuildPhase;
			buildActionMask = 2147483647;
			files = (
			);
			inputPaths = (
			);
			name = "[CP] Check Pods Manifest.lock";
			outputPaths = (
			);
			runOnlyForDeploymentPostprocessing = 0;
			shellPath = /bin/sh;
			shellScript = "diff \"${PODS_ROOT}/../Podfile.lock\" \"${PODS_ROOT}/Manifest.lock\" > /dev/null\nif [[ $? != 0 ]] ; then\n    cat << EOM\nerror: The sandbox is not in sync with the Podfile.lock. Run 'pod install' or update your CocoaPods installation.\nEOM\n    exit 1\nfi\n";
			showEnvVarsInLog = 0;
		};
		A11AF811C37FF6103E2E85CA /* [CP] Copy Pods Resources */ = {
			isa = PBXShellScriptBuildPhase;
			buildActionMask = 2147483647;
			files = (
			);
			inputPaths = (
			);
			name = "[CP] Copy Pods Resources";
			outputPaths = (
			);
			runOnlyForDeploymentPostprocessing = 0;
			shellPath = /bin/sh;
			shellScript = "\"${SRCROOT}/Pods/Target Support Files/Pods-PokeDex_VOIQ/Pods-PokeDex_VOIQ-resources.sh\"\n";
			showEnvVarsInLog = 0;
		};
/* End PBXShellScriptBuildPhase section */

/* Begin PBXSourcesBuildPhase section */
		D935CE281D879A5300C79EF3 /* Sources */ = {
			isa = PBXSourcesBuildPhase;
			buildActionMask = 2147483647;
			files = (
				D9E466961D890C910031F13F /* PDV_WebService.m in Sources */,
				D935CE341D879A5300C79EF3 /* AppDelegate.m in Sources */,
				D9D755441D8D33F100F5F8DB /* PDV_ParcialPokemon_PokeAPi.m in Sources */,
				D935CE371D879A5300C79EF3 /* MasterViewController.m in Sources */,
				D9D755641D8F52E300F5F8DB /* PDV_Gender_PokeApi.m in Sources */,
				D935CE311D879A5300C79EF3 /* main.m in Sources */,
				D935CE3A1D879A5300C79EF3 /* DetailViewController.m in Sources */,
				D9D7555A1D8E592100F5F8DB /* PDV_CellMenuTableViewCell.m in Sources */,
				D90EECDF1D8F9931008F8E61 /* PDV_Type_PokeApi.m in Sources */,
				D9D755401D8D329000F5F8DB /* PDV_Obj_PokeApi.m in Sources */,
				D92072B01D8899C3004E3F82 /* PDV_Pokemon_Obj.m in Sources */,
				D9E4668C1D88BB810031F13F /* NSDictionary+StripNSNulls.m in Sources */,
			);
			runOnlyForDeploymentPostprocessing = 0;
		};
		D935CE441D879A5300C79EF3 /* Sources */ = {
			isa = PBXSourcesBuildPhase;
			buildActionMask = 2147483647;
			files = (
				D935CE4D1D879A5300C79EF3 /* PokeDex_VOIQTests.m in Sources */,
			);
			runOnlyForDeploymentPostprocessing = 0;
		};
		D935CE4F1D879A5300C79EF3 /* Sources */ = {
			isa = PBXSourcesBuildPhase;
			buildActionMask = 2147483647;
			files = (
				D935CE581D879A5300C79EF3 /* PokeDex_VOIQUITests.m in Sources */,
			);
			runOnlyForDeploymentPostprocessing = 0;
		};
/* End PBXSourcesBuildPhase section */

/* Begin PBXTargetDependency section */
		D935CE4A1D879A5300C79EF3 /* PBXTargetDependency */ = {
			isa = PBXTargetDependency;
			target = D935CE2B1D879A5300C79EF3 /* PokeDex_VOIQ */;
			targetProxy = D935CE491D879A5300C79EF3 /* PBXContainerItemProxy */;
		};
		D935CE551D879A5300C79EF3 /* PBXTargetDependency */ = {
			isa = PBXTargetDependency;
			target = D935CE2B1D879A5300C79EF3 /* PokeDex_VOIQ */;
			targetProxy = D935CE541D879A5300C79EF3 /* PBXContainerItemProxy */;
		};
/* End PBXTargetDependency section */

/* Begin PBXVariantGroup section */
		D935CE3B1D879A5300C79EF3 /* Main.storyboard */ = {
			isa = PBXVariantGroup;
			children = (
				D935CE3C1D879A5300C79EF3 /* Base */,
			);
			name = Main.storyboard;
			sourceTree = "<group>";
		};
		D935CE401D879A5300C79EF3 /* LaunchScreen.storyboard */ = {
			isa = PBXVariantGroup;
			children = (
				D935CE411D879A5300C79EF3 /* Base */,
			);
			name = LaunchScreen.storyboard;
			sourceTree = "<group>";
		};
/* End PBXVariantGroup section */

/* Begin XCBuildConfiguration section */
		D935CE5A1D879A5300C79EF3 /* Debug */ = {
			isa = XCBuildConfiguration;
			buildSettings = {
				ALWAYS_SEARCH_USER_PATHS = NO;
				CLANG_ANALYZER_NONNULL = YES;
				CLANG_CXX_LANGUAGE_STANDARD = "gnu++0x";
				CLANG_CXX_LIBRARY = "libc++";
				CLANG_ENABLE_MODULES = YES;
				CLANG_ENABLE_OBJC_ARC = YES;
				CLANG_WARN_BOOL_CONVERSION = YES;
				CLANG_WARN_CONSTANT_CONVERSION = YES;
				CLANG_WARN_DIRECT_OBJC_ISA_USAGE = YES_ERROR;
				CLANG_WARN_EMPTY_BODY = YES;
				CLANG_WARN_ENUM_CONVERSION = YES;
				CLANG_WARN_INFINITE_RECURSION = YES;
				CLANG_WARN_INT_CONVERSION = YES;
				CLANG_WARN_OBJC_ROOT_CLASS = YES_ERROR;
				CLANG_WARN_SUSPICIOUS_MOVE = YES;
				CLANG_WARN_UNREACHABLE_CODE = YES;
				CLANG_WARN__DUPLICATE_METHOD_MATCH = YES;
				"CODE_SIGN_IDENTITY[sdk=iphoneos*]" = "iPhone Developer";
				COPY_PHASE_STRIP = NO;
				DEBUG_INFORMATION_FORMAT = dwarf;
				ENABLE_STRICT_OBJC_MSGSEND = YES;
				ENABLE_TESTABILITY = YES;
				GCC_C_LANGUAGE_STANDARD = gnu99;
				GCC_DYNAMIC_NO_PIC = NO;
				GCC_NO_COMMON_BLOCKS = YES;
				GCC_OPTIMIZATION_LEVEL = 0;
				GCC_PREPROCESSOR_DEFINITIONS = (
					"DEBUG=1",
					"$(inherited)",
				);
				GCC_WARN_64_TO_32_BIT_CONVERSION = YES;
				GCC_WARN_ABOUT_RETURN_TYPE = YES_ERROR;
				GCC_WARN_UNDECLARED_SELECTOR = YES;
				GCC_WARN_UNINITIALIZED_AUTOS = YES_AGGRESSIVE;
				GCC_WARN_UNUSED_FUNCTION = YES;
				GCC_WARN_UNUSED_VARIABLE = YES;
				IPHONEOS_DEPLOYMENT_TARGET = 9.3;
				MTL_ENABLE_DEBUG_INFO = YES;
				ONLY_ACTIVE_ARCH = YES;
				SDKROOT = iphoneos;
			};
			name = Debug;
		};
		D935CE5B1D879A5300C79EF3 /* Release */ = {
			isa = XCBuildConfiguration;
			buildSettings = {
				ALWAYS_SEARCH_USER_PATHS = NO;
				CLANG_ANALYZER_NONNULL = YES;
				CLANG_CXX_LANGUAGE_STANDARD = "gnu++0x";
				CLANG_CXX_LIBRARY = "libc++";
				CLANG_ENABLE_MODULES = YES;
				CLANG_ENABLE_OBJC_ARC = YES;
				CLANG_WARN_BOOL_CONVERSION = YES;
				CLANG_WARN_CONSTANT_CONVERSION = YES;
				CLANG_WARN_DIRECT_OBJC_ISA_USAGE = YES_ERROR;
				CLANG_WARN_EMPTY_BODY = YES;
				CLANG_WARN_ENUM_CONVERSION = YES;
				CLANG_WARN_INFINITE_RECURSION = YES;
				CLANG_WARN_INT_CONVERSION = YES;
				CLANG_WARN_OBJC_ROOT_CLASS = YES_ERROR;
				CLANG_WARN_SUSPICIOUS_MOVE = YES;
				CLANG_WARN_UNREACHABLE_CODE = YES;
				CLANG_WARN__DUPLICATE_METHOD_MATCH = YES;
				"CODE_SIGN_IDENTITY[sdk=iphoneos*]" = "iPhone Developer";
				COPY_PHASE_STRIP = NO;
				DEBUG_INFORMATION_FORMAT = "dwarf-with-dsym";
				ENABLE_NS_ASSERTIONS = NO;
				ENABLE_STRICT_OBJC_MSGSEND = YES;
				GCC_C_LANGUAGE_STANDARD = gnu99;
				GCC_NO_COMMON_BLOCKS = YES;
				GCC_WARN_64_TO_32_BIT_CONVERSION = YES;
				GCC_WARN_ABOUT_RETURN_TYPE = YES_ERROR;
				GCC_WARN_UNDECLARED_SELECTOR = YES;
				GCC_WARN_UNINITIALIZED_AUTOS = YES_AGGRESSIVE;
				GCC_WARN_UNUSED_FUNCTION = YES;
				GCC_WARN_UNUSED_VARIABLE = YES;
				IPHONEOS_DEPLOYMENT_TARGET = 9.3;
				MTL_ENABLE_DEBUG_INFO = NO;
				SDKROOT = iphoneos;
				VALIDATE_PRODUCT = YES;
			};
			name = Release;
		};
		D935CE5D1D879A5300C79EF3 /* Debug */ = {
			isa = XCBuildConfiguration;
			baseConfigurationReference = C5A7DD57FA80A9C085FA8BFC /* Pods-PokeDex_VOIQ.debug.xcconfig */;
			buildSettings = {
				ASSETCATALOG_COMPILER_APPICON_NAME = AppIcon;
				"CODE_SIGN_IDENTITY[sdk=iphoneos*]" = "iPhone Developer";
				DEVELOPMENT_TEAM = 44AY3H6LVU;
				INFOPLIST_FILE = PokeDex_VOIQ/Info.plist;
				IPHONEOS_DEPLOYMENT_TARGET = 8.4;
				LD_RUNPATH_SEARCH_PATHS = "$(inherited) @executable_path/Frameworks";
				PRODUCT_BUNDLE_IDENTIFIER = com.idsTechnology.PokeDex;
				PRODUCT_NAME = "$(TARGET_NAME)";
			};
			name = Debug;
		};
		D935CE5E1D879A5300C79EF3 /* Release */ = {
			isa = XCBuildConfiguration;
			baseConfigurationReference = 04B3610C7F094223871B1EDB /* Pods-PokeDex_VOIQ.release.xcconfig */;
			buildSettings = {
				ASSETCATALOG_COMPILER_APPICON_NAME = AppIcon;
				"CODE_SIGN_IDENTITY[sdk=iphoneos*]" = "iPhone Developer";
				DEVELOPMENT_TEAM = 44AY3H6LVU;
				INFOPLIST_FILE = PokeDex_VOIQ/Info.plist;
				IPHONEOS_DEPLOYMENT_TARGET = 8.4;
				LD_RUNPATH_SEARCH_PATHS = "$(inherited) @executable_path/Frameworks";
				PRODUCT_BUNDLE_IDENTIFIER = com.idsTechnology.PokeDex;
				PRODUCT_NAME = "$(TARGET_NAME)";
			};
			name = Release;
		};
		D935CE601D879A5300C79EF3 /* Debug */ = {
			isa = XCBuildConfiguration;
			buildSettings = {
				BUNDLE_LOADER = "$(TEST_HOST)";
				INFOPLIST_FILE = PokeDex_VOIQTests/Info.plist;
				LD_RUNPATH_SEARCH_PATHS = "$(inherited) @executable_path/Frameworks @loader_path/Frameworks";
				PRODUCT_BUNDLE_IDENTIFIER = "com.carlosparada.PokeDex-VOIQTests";
				PRODUCT_NAME = "$(TARGET_NAME)";
				TEST_HOST = "$(BUILT_PRODUCTS_DIR)/PokeDex_VOIQ.app/PokeDex_VOIQ";
			};
			name = Debug;
		};
		D935CE611D879A5300C79EF3 /* Release */ = {
			isa = XCBuildConfiguration;
			buildSettings = {
				BUNDLE_LOADER = "$(TEST_HOST)";
				INFOPLIST_FILE = PokeDex_VOIQTests/Info.plist;
				LD_RUNPATH_SEARCH_PATHS = "$(inherited) @executable_path/Frameworks @loader_path/Frameworks";
				PRODUCT_BUNDLE_IDENTIFIER = "com.carlosparada.PokeDex-VOIQTests";
				PRODUCT_NAME = "$(TARGET_NAME)";
				TEST_HOST = "$(BUILT_PRODUCTS_DIR)/PokeDex_VOIQ.app/PokeDex_VOIQ";
			};
			name = Release;
		};
		D935CE631D879A5300C79EF3 /* Debug */ = {
			isa = XCBuildConfiguration;
			buildSettings = {
				INFOPLIST_FILE = PokeDex_VOIQUITests/Info.plist;
				LD_RUNPATH_SEARCH_PATHS = "$(inherited) @executable_path/Frameworks @loader_path/Frameworks";
				PRODUCT_BUNDLE_IDENTIFIER = "com.carlosparada.PokeDex-VOIQUITests";
				PRODUCT_NAME = "$(TARGET_NAME)";
				TEST_TARGET_NAME = PokeDex_VOIQ;
			};
			name = Debug;
		};
		D935CE641D879A5300C79EF3 /* Release */ = {
			isa = XCBuildConfiguration;
			buildSettings = {
				INFOPLIST_FILE = PokeDex_VOIQUITests/Info.plist;
				LD_RUNPATH_SEARCH_PATHS = "$(inherited) @executable_path/Frameworks @loader_path/Frameworks";
				PRODUCT_BUNDLE_IDENTIFIER = "com.carlosparada.PokeDex-VOIQUITests";
				PRODUCT_NAME = "$(TARGET_NAME)";
				TEST_TARGET_NAME = PokeDex_VOIQ;
			};
			name = Release;
		};
/* End XCBuildConfiguration section */

/* Begin XCConfigurationList section */
		D935CE271D879A5300C79EF3 /* Build configuration list for PBXProject "PokeDex_VOIQ" */ = {
			isa = XCConfigurationList;
			buildConfigurations = (
				D935CE5A1D879A5300C79EF3 /* Debug */,
				D935CE5B1D879A5300C79EF3 /* Release */,
			);
			defaultConfigurationIsVisible = 0;
			defaultConfigurationName = Release;
		};
		D935CE5C1D879A5300C79EF3 /* Build configuration list for PBXNativeTarget "PokeDex_VOIQ" */ = {
			isa = XCConfigurationList;
			buildConfigurations = (
				D935CE5D1D879A5300C79EF3 /* Debug */,
				D935CE5E1D879A5300C79EF3 /* Release */,
			);
			defaultConfigurationIsVisible = 0;
			defaultConfigurationName = Release;
		};
		D935CE5F1D879A5300C79EF3 /* Build configuration list for PBXNativeTarget "PokeDex_VOIQTests" */ = {
			isa = XCConfigurationList;
			buildConfigurations = (
				D935CE601D879A5300C79EF3 /* Debug */,
				D935CE611D879A5300C79EF3 /* Release */,
			);
			defaultConfigurationIsVisible = 0;
			defaultConfigurationName = Release;
		};
		D935CE621D879A5300C79EF3 /* Build configuration list for PBXNativeTarget "PokeDex_VOIQUITests" */ = {
			isa = XCConfigurationList;
			buildConfigurations = (
				D935CE631D879A5300C79EF3 /* Debug */,
				D935CE641D879A5300C79EF3 /* Release */,
			);
			defaultConfigurationIsVisible = 0;
			defaultConfigurationName = Release;
		};
/* End XCConfigurationList section */
	};
	rootObject = D935CE241D879A5300C79EF3 /* Project object */;
}
